
Microsoft Visual Studio Solution File, Format Version 12.00
# Visual Studio 14
VisualStudioVersion = 14.0.25420.1
MinimumVisualStudioVersion = 10.0.40219.1
Project("{FAE04EC0-301F-11D3-BF4B-00C04F79EFBC}") = "PropertyInsurance.Web", "PropertyInsurance.Web\PropertyInsurance.Web.csproj", "{1A31FBD7-2D51-4005-93B1-51C4A17E3351}"
EndProject
Project("{E24C65DC-7377-472B-9ABA-BC803B73C61A}") = "PropertyInsurance.Logic", "PropertyInsurance.Logic", "{43B40A4E-BF2E-44F5-B258-5C78C460A12A}"
	ProjectSection(WebsiteProperties) = preProject
		SccProjectName = "SAK"
		SccAuxPath = "SAK"
		SccLocalPath = "SAK"
		SccProvider = "SAK"
		TargetFrameworkMoniker = ".NETFramework,Version%3Dv4.0"
		Debug.AspNetCompiler.VirtualPath = "/localhost_54958"
		Debug.AspNetCompiler.PhysicalPath = "PropertyInsurance.Logic\"
		Debug.AspNetCompiler.TargetPath = "PrecompiledWeb\localhost_54958\"
		Debug.AspNetCompiler.Updateable = "true"
		Debug.AspNetCompiler.ForceOverwrite = "true"
		Debug.AspNetCompiler.FixedNames = "false"
		Debug.AspNetCompiler.Debug = "True"
		Release.AspNetCompiler.VirtualPath = "/localhost_54958"
		Release.AspNetCompiler.PhysicalPath = "PropertyInsurance.Logic\"
		Release.AspNetCompiler.TargetPath = "PrecompiledWeb\localhost_54958\"
		Release.AspNetCompiler.Updateable = "true"
		Release.AspNetCompiler.ForceOverwrite = "true"
		Release.AspNetCompiler.FixedNames = "false"
		Release.AspNetCompiler.Debug = "False"
		VWDPort = "54958"
		SlnRelativePath = "PropertyInsurance.Logic\"
	EndProjectSection
EndProject
Project("{E24C65DC-7377-472B-9ABA-BC803B73C61A}") = "PropertyInsurance.Function", "PropertyInsurance.Function", "{7EFD3F0E-7F14-47D2-83E3-4191FE06FD29}"
	ProjectSection(WebsiteProperties) = preProject
		SccProjectName = "SAK"
		SccAuxPath = "SAK"
		SccLocalPath = "SAK"
		SccProvider = "SAK"
		TargetFrameworkMoniker = ".NETFramework,Version%3Dv4.0"
		Debug.AspNetCompiler.VirtualPath = "/localhost_54960"
		Debug.AspNetCompiler.PhysicalPath = "PropertyInsurance.Function\"
		Debug.AspNetCompiler.TargetPath = "PrecompiledWeb\localhost_54960\"
		Debug.AspNetCompiler.Updateable = "true"
		Debug.AspNetCompiler.ForceOverwrite = "true"
		Debug.AspNetCompiler.FixedNames = "false"
		Debug.AspNetCompiler.Debug = "True"
		Release.AspNetCompiler.VirtualPath = "/localhost_54960"
		Release.AspNetCompiler.PhysicalPath = "PropertyInsurance.Function\"
		Release.AspNetCompiler.TargetPath = "PrecompiledWeb\localhost_54960\"
		Release.AspNetCompiler.Updateable = "true"
		Release.AspNetCompiler.ForceOverwrite = "true"
		Release.AspNetCompiler.FixedNames = "false"
		Release.AspNetCompiler.Debug = "False"
		VWDPort = "54960"
		SlnRelativePath = "PropertyInsurance.Function\"
	EndProjectSection
EndProject
Project("{FAE04EC0-301F-11D3-BF4B-00C04F79EFBC}") = "PropertyInsurance.API", "PropertyInsurance.API\PropertyInsurance.API.csproj", "{671B5C98-DE97-4444-BD12-AACF37F389BD}"
EndProject
Global
	GlobalSection(SolutionConfigurationPlatforms) = preSolution
		Debug|Any CPU = Debug|Any CPU
		Release|Any CPU = Release|Any CPU
	EndGlobalSection
	GlobalSection(ProjectConfigurationPlatforms) = postSolution
		{1A31FBD7-2D51-4005-93B1-51C4A17E3351}.Debug|Any CPU.ActiveCfg = Debug|Any CPU
		{1A31FBD7-2D51-4005-93B1-51C4A17E3351}.Debug|Any CPU.Build.0 = Debug|Any CPU
		{1A31FBD7-2D51-4005-93B1-51C4A17E3351}.Release|Any CPU.ActiveCfg = Release|Any CPU
		{1A31FBD7-2D51-4005-93B1-51C4A17E3351}.Release|Any CPU.Build.0 = Release|Any CPU
		{43B40A4E-BF2E-44F5-B258-5C78C460A12A}.Debug|Any CPU.ActiveCfg = Debug|Any CPU
		{43B40A4E-BF2E-44F5-B258-5C78C460A12A}.Debug|Any CPU.Build.0 = Debug|Any CPU
		{43B40A4E-BF2E-44F5-B258-5C78C460A12A}.Release|Any CPU.ActiveCfg = Debug|Any CPU
		{43B40A4E-BF2E-44F5-B258-5C78C460A12A}.Release|Any CPU.Build.0 = Debug|Any CPU
		{7EFD3F0E-7F14-47D2-83E3-4191FE06FD29}.Debug|Any CPU.ActiveCfg = Debug|Any CPU
		{7EFD3F0E-7F14-47D2-83E3-4191FE06FD29}.Debug|Any CPU.Build.0 = Debug|Any CPU
		{7EFD3F0E-7F14-47D2-83E3-4191FE06FD29}.Release|Any CPU.ActiveCfg = Debug|Any CPU
		{7EFD3F0E-7F14-47D2-83E3-4191FE06FD29}.Release|Any CPU.Build.0 = Debug|Any CPU
		{671B5C98-DE97-4444-BD12-AACF37F389BD}.Debug|Any CPU.ActiveCfg = Debug|Any CPU
		{671B5C98-DE97-4444-BD12-AACF37F389BD}.Debug|Any CPU.Build.0 = Debug|Any CPU
		{671B5C98-DE97-4444-BD12-AACF37F389BD}.Release|Any CPU.ActiveCfg = Release|Any CPU
		{671B5C98-DE97-4444-BD12-AACF37F389BD}.Release|Any CPU.Build.0 = Release|Any CPU
	EndGlobalSection
	GlobalSection(SolutionProperties) = preSolution
		HideSolutionNode = FALSE
	EndGlobalSection
	GlobalSection(TeamFoundationVersionControl) = preSolution
		SccNumberOfProjects = 5
		SccEnterpriseProvider = {4CA58AB2-18FA-4F8D-95D4-32DDF27D184C}
		SccTeamFoundationServer = https://canviz.visualstudio.com/defaultcollection
		SccLocalPath0 = .
		SccProjectUniqueName1 = PropertyInsurance.Web\\PropertyInsurance.Web.csproj
		SccProjectName1 = PropertyInsurance.Web
		SccLocalPath1 = PropertyInsurance.Web
		SccWebProject2 = true
		SccProjectUniqueName2 = PropertyInsurance.Logic
		SccProjectName2 = PropertyInsurance.Logic
		SccLocalPath2 = PropertyInsurance.Logic
		SccProjectEnlistmentChoice2 = 2
		SccWebProject3 = true
		SccProjectUniqueName3 = PropertyInsurance.Function
		SccProjectName3 = PropertyInsurance.Function
		SccLocalPath3 = PropertyInsurance.Function
		SccProjectEnlistmentChoice3 = 2
		SccProjectUniqueName4 = PropertyInsurance.API\\PropertyInsurance.API.csproj
		SccProjectName4 = PropertyInsurance.API
		SccLocalPath4 = PropertyInsurance.API
	EndGlobalSection
EndGlobal
