
Microsoft Visual Studio Solution File, Format Version 12.00
# Visual Studio 14
VisualStudioVersion = 14.0.25420.1
MinimumVisualStudioVersion = 10.0.40219.1
Project("{FAE04EC0-301F-11D3-BF4B-00C04F79EFBC}") = "CustomerApp", "CustomerApp\CustomerApp\CustomerApp.csproj", "{0EA43AB3-5184-4DA0-875E-0EA58C11D37F}"
EndProject
Project("{FAE04EC0-301F-11D3-BF4B-00C04F79EFBC}") = "CustomerApp.Droid", "CustomerApp\CustomerApp.Droid\CustomerApp.Droid.csproj", "{20FDC083-801F-4D08-9F0D-4D138B5BA6BD}"
EndProject
Project("{FAE04EC0-301F-11D3-BF4B-00C04F79EFBC}") = "CustomerApp.iOS", "CustomerApp\CustomerApp.iOS\CustomerApp.iOS.csproj", "{3FDBEE7F-54FD-455A-B790-F1832C5D66B9}"
EndProject
Global
	GlobalSection(SolutionConfigurationPlatforms) = preSolution
		Ad-Hoc|Any CPU = Ad-Hoc|Any CPU
		Ad-Hoc|iPhone = Ad-Hoc|iPhone
		Ad-Hoc|iPhoneSimulator = Ad-Hoc|iPhoneSimulator
		AppStore|Any CPU = AppStore|Any CPU
		AppStore|iPhone = AppStore|iPhone
		AppStore|iPhoneSimulator = AppStore|iPhoneSimulator
		Debug|Any CPU = Debug|Any CPU
		Debug|iPhone = Debug|iPhone
		Debug|iPhoneSimulator = Debug|iPhoneSimulator
		Release|Any CPU = Release|Any CPU
		Release|iPhone = Release|iPhone
		Release|iPhoneSimulator = Release|iPhoneSimulator
	EndGlobalSection
	GlobalSection(ProjectConfigurationPlatforms) = postSolution
		{0EA43AB3-5184-4DA0-875E-0EA58C11D37F}.Ad-Hoc|Any CPU.ActiveCfg = Release|Any CPU
		{0EA43AB3-5184-4DA0-875E-0EA58C11D37F}.Ad-Hoc|Any CPU.Build.0 = Release|Any CPU
		{0EA43AB3-5184-4DA0-875E-0EA58C11D37F}.Ad-Hoc|iPhone.ActiveCfg = Release|Any CPU
		{0EA43AB3-5184-4DA0-875E-0EA58C11D37F}.Ad-Hoc|iPhone.Build.0 = Release|Any CPU
		{0EA43AB3-5184-4DA0-875E-0EA58C11D37F}.Ad-Hoc|iPhoneSimulator.ActiveCfg = Release|Any CPU
		{0EA43AB3-5184-4DA0-875E-0EA58C11D37F}.Ad-Hoc|iPhoneSimulator.Build.0 = Release|Any CPU
		{0EA43AB3-5184-4DA0-875E-0EA58C11D37F}.AppStore|Any CPU.ActiveCfg = Release|Any CPU
		{0EA43AB3-5184-4DA0-875E-0EA58C11D37F}.AppStore|Any CPU.Build.0 = Release|Any CPU
		{0EA43AB3-5184-4DA0-875E-0EA58C11D37F}.AppStore|iPhone.ActiveCfg = Release|Any CPU
		{0EA43AB3-5184-4DA0-875E-0EA58C11D37F}.AppStore|iPhone.Build.0 = Release|Any CPU
		{0EA43AB3-5184-4DA0-875E-0EA58C11D37F}.AppStore|iPhoneSimulator.ActiveCfg = Release|Any CPU
		{0EA43AB3-5184-4DA0-875E-0EA58C11D37F}.AppStore|iPhoneSimulator.Build.0 = Release|Any CPU
		{0EA43AB3-5184-4DA0-875E-0EA58C11D37F}.Debug|Any CPU.ActiveCfg = Debug|Any CPU
		{0EA43AB3-5184-4DA0-875E-0EA58C11D37F}.Debug|Any CPU.Build.0 = Debug|Any CPU
		{0EA43AB3-5184-4DA0-875E-0EA58C11D37F}.Debug|iPhone.ActiveCfg = Debug|Any CPU
		{0EA43AB3-5184-4DA0-875E-0EA58C11D37F}.Debug|iPhone.Build.0 = Debug|Any CPU
		{0EA43AB3-5184-4DA0-875E-0EA58C11D37F}.Debug|iPhoneSimulator.ActiveCfg = Debug|Any CPU
		{0EA43AB3-5184-4DA0-875E-0EA58C11D37F}.Debug|iPhoneSimulator.Build.0 = Debug|Any CPU
		{0EA43AB3-5184-4DA0-875E-0EA58C11D37F}.Release|Any CPU.ActiveCfg = Release|Any CPU
		{0EA43AB3-5184-4DA0-875E-0EA58C11D37F}.Release|Any CPU.Build.0 = Release|Any CPU
		{0EA43AB3-5184-4DA0-875E-0EA58C11D37F}.Release|iPhone.ActiveCfg = Release|Any CPU
		{0EA43AB3-5184-4DA0-875E-0EA58C11D37F}.Release|iPhone.Build.0 = Release|Any CPU
		{0EA43AB3-5184-4DA0-875E-0EA58C11D37F}.Release|iPhoneSimulator.ActiveCfg = Release|Any CPU
		{0EA43AB3-5184-4DA0-875E-0EA58C11D37F}.Release|iPhoneSimulator.Build.0 = Release|Any CPU
		{20FDC083-801F-4D08-9F0D-4D138B5BA6BD}.Ad-Hoc|Any CPU.ActiveCfg = Release|Any CPU
		{20FDC083-801F-4D08-9F0D-4D138B5BA6BD}.Ad-Hoc|Any CPU.Build.0 = Release|Any CPU
		{20FDC083-801F-4D08-9F0D-4D138B5BA6BD}.Ad-Hoc|Any CPU.Deploy.0 = Release|Any CPU
		{20FDC083-801F-4D08-9F0D-4D138B5BA6BD}.Ad-Hoc|iPhone.ActiveCfg = Release|Any CPU
		{20FDC083-801F-4D08-9F0D-4D138B5BA6BD}.Ad-Hoc|iPhone.Build.0 = Release|Any CPU
		{20FDC083-801F-4D08-9F0D-4D138B5BA6BD}.Ad-Hoc|iPhone.Deploy.0 = Release|Any CPU
		{20FDC083-801F-4D08-9F0D-4D138B5BA6BD}.Ad-Hoc|iPhoneSimulator.ActiveCfg = Release|Any CPU
		{20FDC083-801F-4D08-9F0D-4D138B5BA6BD}.Ad-Hoc|iPhoneSimulator.Build.0 = Release|Any CPU
		{20FDC083-801F-4D08-9F0D-4D138B5BA6BD}.Ad-Hoc|iPhoneSimulator.Deploy.0 = Release|Any CPU
		{20FDC083-801F-4D08-9F0D-4D138B5BA6BD}.AppStore|Any CPU.ActiveCfg = Release|Any CPU
		{20FDC083-801F-4D08-9F0D-4D138B5BA6BD}.AppStore|Any CPU.Build.0 = Release|Any CPU
		{20FDC083-801F-4D08-9F0D-4D138B5BA6BD}.AppStore|Any CPU.Deploy.0 = Release|Any CPU
		{20FDC083-801F-4D08-9F0D-4D138B5BA6BD}.AppStore|iPhone.ActiveCfg = Release|Any CPU
		{20FDC083-801F-4D08-9F0D-4D138B5BA6BD}.AppStore|iPhone.Build.0 = Release|Any CPU
		{20FDC083-801F-4D08-9F0D-4D138B5BA6BD}.AppStore|iPhone.Deploy.0 = Release|Any CPU
		{20FDC083-801F-4D08-9F0D-4D138B5BA6BD}.AppStore|iPhoneSimulator.ActiveCfg = Release|Any CPU
		{20FDC083-801F-4D08-9F0D-4D138B5BA6BD}.AppStore|iPhoneSimulator.Build.0 = Release|Any CPU
		{20FDC083-801F-4D08-9F0D-4D138B5BA6BD}.AppStore|iPhoneSimulator.Deploy.0 = Release|Any CPU
		{20FDC083-801F-4D08-9F0D-4D138B5BA6BD}.Debug|Any CPU.ActiveCfg = Debug|Any CPU
		{20FDC083-801F-4D08-9F0D-4D138B5BA6BD}.Debug|Any CPU.Build.0 = Debug|Any CPU
		{20FDC083-801F-4D08-9F0D-4D138B5BA6BD}.Debug|Any CPU.Deploy.0 = Debug|Any CPU
		{20FDC083-801F-4D08-9F0D-4D138B5BA6BD}.Debug|iPhone.ActiveCfg = Debug|Any CPU
		{20FDC083-801F-4D08-9F0D-4D138B5BA6BD}.Debug|iPhone.Build.0 = Debug|Any CPU
		{20FDC083-801F-4D08-9F0D-4D138B5BA6BD}.Debug|iPhone.Deploy.0 = Debug|Any CPU
		{20FDC083-801F-4D08-9F0D-4D138B5BA6BD}.Debug|iPhoneSimulator.ActiveCfg = Debug|Any CPU
		{20FDC083-801F-4D08-9F0D-4D138B5BA6BD}.Debug|iPhoneSimulator.Build.0 = Debug|Any CPU
		{20FDC083-801F-4D08-9F0D-4D138B5BA6BD}.Debug|iPhoneSimulator.Deploy.0 = Debug|Any CPU
		{20FDC083-801F-4D08-9F0D-4D138B5BA6BD}.Release|Any CPU.ActiveCfg = Release|Any CPU
		{20FDC083-801F-4D08-9F0D-4D138B5BA6BD}.Release|Any CPU.Build.0 = Release|Any CPU
		{20FDC083-801F-4D08-9F0D-4D138B5BA6BD}.Release|Any CPU.Deploy.0 = Release|Any CPU
		{20FDC083-801F-4D08-9F0D-4D138B5BA6BD}.Release|iPhone.ActiveCfg = Release|Any CPU
		{20FDC083-801F-4D08-9F0D-4D138B5BA6BD}.Release|iPhone.Build.0 = Release|Any CPU
		{20FDC083-801F-4D08-9F0D-4D138B5BA6BD}.Release|iPhone.Deploy.0 = Release|Any CPU
		{20FDC083-801F-4D08-9F0D-4D138B5BA6BD}.Release|iPhoneSimulator.ActiveCfg = Release|Any CPU
		{20FDC083-801F-4D08-9F0D-4D138B5BA6BD}.Release|iPhoneSimulator.Build.0 = Release|Any CPU
		{20FDC083-801F-4D08-9F0D-4D138B5BA6BD}.Release|iPhoneSimulator.Deploy.0 = Release|Any CPU
		{3FDBEE7F-54FD-455A-B790-F1832C5D66B9}.Ad-Hoc|Any CPU.ActiveCfg = Ad-Hoc|iPhone
		{3FDBEE7F-54FD-455A-B790-F1832C5D66B9}.Ad-Hoc|iPhone.ActiveCfg = Ad-Hoc|iPhone
		{3FDBEE7F-54FD-455A-B790-F1832C5D66B9}.Ad-Hoc|iPhone.Build.0 = Ad-Hoc|iPhone
		{3FDBEE7F-54FD-455A-B790-F1832C5D66B9}.Ad-Hoc|iPhoneSimulator.ActiveCfg = Ad-Hoc|iPhoneSimulator
		{3FDBEE7F-54FD-455A-B790-F1832C5D66B9}.Ad-Hoc|iPhoneSimulator.Build.0 = Ad-Hoc|iPhoneSimulator
		{3FDBEE7F-54FD-455A-B790-F1832C5D66B9}.AppStore|Any CPU.ActiveCfg = AppStore|iPhone
		{3FDBEE7F-54FD-455A-B790-F1832C5D66B9}.AppStore|iPhone.ActiveCfg = AppStore|iPhone
		{3FDBEE7F-54FD-455A-B790-F1832C5D66B9}.AppStore|iPhone.Build.0 = AppStore|iPhone
		{3FDBEE7F-54FD-455A-B790-F1832C5D66B9}.AppStore|iPhoneSimulator.ActiveCfg = AppStore|iPhoneSimulator
		{3FDBEE7F-54FD-455A-B790-F1832C5D66B9}.AppStore|iPhoneSimulator.Build.0 = AppStore|iPhoneSimulator
		{3FDBEE7F-54FD-455A-B790-F1832C5D66B9}.Debug|Any CPU.ActiveCfg = Debug|iPhone
		{3FDBEE7F-54FD-455A-B790-F1832C5D66B9}.Debug|iPhone.ActiveCfg = Debug|iPhone
		{3FDBEE7F-54FD-455A-B790-F1832C5D66B9}.Debug|iPhone.Build.0 = Debug|iPhone
		{3FDBEE7F-54FD-455A-B790-F1832C5D66B9}.Debug|iPhoneSimulator.ActiveCfg = Debug|iPhoneSimulator
		{3FDBEE7F-54FD-455A-B790-F1832C5D66B9}.Debug|iPhoneSimulator.Build.0 = Debug|iPhoneSimulator
		{3FDBEE7F-54FD-455A-B790-F1832C5D66B9}.Release|Any CPU.ActiveCfg = Release|iPhone
		{3FDBEE7F-54FD-455A-B790-F1832C5D66B9}.Release|iPhone.ActiveCfg = Release|iPhone
		{3FDBEE7F-54FD-455A-B790-F1832C5D66B9}.Release|iPhone.Build.0 = Release|iPhone
		{3FDBEE7F-54FD-455A-B790-F1832C5D66B9}.Release|iPhoneSimulator.ActiveCfg = Release|iPhoneSimulator
		{3FDBEE7F-54FD-455A-B790-F1832C5D66B9}.Release|iPhoneSimulator.Build.0 = Release|iPhoneSimulator
	EndGlobalSection
	GlobalSection(SolutionProperties) = preSolution
		HideSolutionNode = FALSE
	EndGlobalSection
	GlobalSection(TeamFoundationVersionControl) = preSolution
		SccNumberOfProjects = 4
		SccEnterpriseProvider = {4CA58AB2-18FA-4F8D-95D4-32DDF27D184C}
		SccTeamFoundationServer = https://canviz.visualstudio.com/defaultcollection
		SccLocalPath0 = .
		SccProjectUniqueName1 = CustomerApp\\CustomerApp\\CustomerApp.csproj
		SccProjectName1 = CustomerApp/CustomerApp
		SccLocalPath1 = CustomerApp\\CustomerApp
		SccProjectUniqueName2 = CustomerApp\\CustomerApp.Droid\\CustomerApp.Droid.csproj
		SccProjectName2 = CustomerApp/CustomerApp.Droid
		SccLocalPath2 = CustomerApp\\CustomerApp.Droid
		SccProjectUniqueName3 = CustomerApp\\CustomerApp.iOS\\CustomerApp.iOS.csproj
		SccProjectName3 = CustomerApp/CustomerApp.iOS
		SccLocalPath3 = CustomerApp\\CustomerApp.iOS
	EndGlobalSection
EndGlobal
